
Microsoft Visual Studio Solution File, Format Version 12.00
# Visual Studio Version 16
VisualStudioVersion = 16.0.29424.173
MinimumVisualStudioVersion = 10.0.40219.1
Project("{FAE04EC0-301F-11D3-BF4B-00C04F79EFBC}") = "ZombiesRegainHealth", "ZombiesRegainHealth\ZombiesRegainHealth.csproj", "{FCDC5E52-5C41-4A1A-96C4-D94B6145603E}"
EndProject
Global
	GlobalSection(SolutionConfigurationPlatforms) = preSolution
		Debug|Any CPU = Debug|Any CPU
		Release|Any CPU = Release|Any CPU
	EndGlobalSection
	GlobalSection(ProjectConfigurationPlatforms) = postSolution
		{FCDC5E52-5C41-4A1A-96C4-D94B6145603E}.Debug|Any CPU.ActiveCfg = Debug|Any CPU
		{FCDC5E52-5C41-4A1A-96C4-D94B6145603E}.Debug|Any CPU.Build.0 = Debug|Any CPU
		{FCDC5E52-5C41-4A1A-96C4-D94B6145603E}.Release|Any CPU.ActiveCfg = Release|Any CPU
		{FCDC5E52-5C41-4A1A-96C4-D94B6145603E}.Release|Any CPU.Build.0 = Release|Any CPU
	EndGlobalSection
	GlobalSection(SolutionProperties) = preSolution
		HideSolutionNode = FALSE
	EndGlobalSection
	GlobalSection(ExtensibilityGlobals) = postSolution
		SolutionGuid = {8D62790E-EA8B-44C7-B23C-56DBC4B736C2}
	EndGlobalSection
EndGlobal
